
Microsoft Visual Studio Solution File, Format Version 12.00
# Visual Studio Version 17
VisualStudioVersion = 17.8.34309.116
MinimumVisualStudioVersion = 10.0.40219.1
Project("{FAE04EC0-301F-11D3-BF4B-00C04F79EFBC}") = "Proiect 2 -Compilator", "Proiect 2 -Compilator\Proiect 2 -Compilator.csproj", "{3DB7893C-26B9-483B-8693-A48198C0CEAA}"
EndProject
Global
	GlobalSection(SolutionConfigurationPlatforms) = preSolution
		Debug|Any CPU = Debug|Any CPU
		Release|Any CPU = Release|Any CPU
	EndGlobalSection
	GlobalSection(ProjectConfigurationPlatforms) = postSolution
		{3DB7893C-26B9-483B-8693-A48198C0CEAA}.Debug|Any CPU.ActiveCfg = Debug|Any CPU
		{3DB7893C-26B9-483B-8693-A48198C0CEAA}.Debug|Any CPU.Build.0 = Debug|Any CPU
		{3DB7893C-26B9-483B-8693-A48198C0CEAA}.Release|Any CPU.ActiveCfg = Release|Any CPU
		{3DB7893C-26B9-483B-8693-A48198C0CEAA}.Release|Any CPU.Build.0 = Release|Any CPU
	EndGlobalSection
	GlobalSection(SolutionProperties) = preSolution
		HideSolutionNode = FALSE
	EndGlobalSection
	GlobalSection(ExtensibilityGlobals) = postSolution
		SolutionGuid = {BC570FD2-0FC8-4F70-ABC0-332FEA4F04AE}
	EndGlobalSection
EndGlobal
